{
  "requires": true,
  "lockfileVersion": 1,
  "dependencies": {
    "bootswatch": {
      "version": "4.3.1",
      "resolved": "https://registry.npmjs.org/bootswatch/-/bootswatch-4.3.1.tgz",
      "integrity": "sha512-kNdpo/TnhO++aic1IODLIe1V0lx6pXwHMpwXMacpANDnuVDtgU1MUgUbVMC3rSWm4UcbImfwPraNYgjKDT0BtA=="
    }
  }
}
